
Microsoft Visual Studio Solution File, Format Version 12.00
# Visual Studio Version 17
VisualStudioVersion = 17.3.32819.101
MinimumVisualStudioVersion = 10.0.40219.1
Project("{FAE04EC0-301F-11D3-BF4B-00C04F79EFBC}") = "GeometricShapesClassLesson", "GeometricShapesClassLesson\GeometricShapesClassLesson.csproj", "{801758D9-A521-4825-8AFC-9B02F7AEDEEA}"
EndProject
Global
	GlobalSection(SolutionConfigurationPlatforms) = preSolution
		Debug|Any CPU = Debug|Any CPU
		Release|Any CPU = Release|Any CPU
	EndGlobalSection
	GlobalSection(ProjectConfigurationPlatforms) = postSolution
		{801758D9-A521-4825-8AFC-9B02F7AEDEEA}.Debug|Any CPU.ActiveCfg = Debug|Any CPU
		{801758D9-A521-4825-8AFC-9B02F7AEDEEA}.Debug|Any CPU.Build.0 = Debug|Any CPU
		{801758D9-A521-4825-8AFC-9B02F7AEDEEA}.Release|Any CPU.ActiveCfg = Release|Any CPU
		{801758D9-A521-4825-8AFC-9B02F7AEDEEA}.Release|Any CPU.Build.0 = Release|Any CPU
	EndGlobalSection
	GlobalSection(SolutionProperties) = preSolution
		HideSolutionNode = FALSE
	EndGlobalSection
	GlobalSection(ExtensibilityGlobals) = postSolution
		SolutionGuid = {349C36A0-0950-4CCA-B9E1-9D62CE425A0A}
	EndGlobalSection
EndGlobal
